
Microsoft Visual Studio Solution File, Format Version 12.00
# Visual Studio 15
VisualStudioVersion = 15.0.28010.2050
MinimumVisualStudioVersion = 10.0.40219.1
Project("{FAE04EC0-301F-11D3-BF4B-00C04F79EFBC}") = "WindowsFormsApp5", "WindowsFormsApp5\WindowsFormsApp5.csproj", "{E9C1FFED-9D6A-47E0-BDE7-BD9AC10A02C5}"
EndProject
Global
	GlobalSection(SolutionConfigurationPlatforms) = preSolution
		Debug|Any CPU = Debug|Any CPU
		Release|Any CPU = Release|Any CPU
	EndGlobalSection
	GlobalSection(ProjectConfigurationPlatforms) = postSolution
		{E9C1FFED-9D6A-47E0-BDE7-BD9AC10A02C5}.Debug|Any CPU.ActiveCfg = Debug|Any CPU
		{E9C1FFED-9D6A-47E0-BDE7-BD9AC10A02C5}.Debug|Any CPU.Build.0 = Debug|Any CPU
		{E9C1FFED-9D6A-47E0-BDE7-BD9AC10A02C5}.Release|Any CPU.ActiveCfg = Release|Any CPU
		{E9C1FFED-9D6A-47E0-BDE7-BD9AC10A02C5}.Release|Any CPU.Build.0 = Release|Any CPU
	EndGlobalSection
	GlobalSection(SolutionProperties) = preSolution
		HideSolutionNode = FALSE
	EndGlobalSection
	GlobalSection(ExtensibilityGlobals) = postSolution
		SolutionGuid = {660AA1D3-6C03-40A8-83BD-2261716728E2}
	EndGlobalSection
EndGlobal
